
Microsoft Visual Studio Solution File, Format Version 12.00
# Visual Studio Version 16
VisualStudioVersion = 16.0.30320.27
MinimumVisualStudioVersion = 10.0.40219.1
Project("{00D1A9C2-B5F0-4AF3-8072-F6C62B433612}") = "UserDB", "UserDB\UserDB.sqlproj", "{C148F99D-6197-4F64-93D9-DE3F31840D2E}"
EndProject
Global
	GlobalSection(SolutionConfigurationPlatforms) = preSolution
		Debug|Any CPU = Debug|Any CPU
		Release|Any CPU = Release|Any CPU
	EndGlobalSection
	GlobalSection(ProjectConfigurationPlatforms) = postSolution
		{C148F99D-6197-4F64-93D9-DE3F31840D2E}.Debug|Any CPU.ActiveCfg = Debug|Any CPU
		{C148F99D-6197-4F64-93D9-DE3F31840D2E}.Debug|Any CPU.Build.0 = Debug|Any CPU
		{C148F99D-6197-4F64-93D9-DE3F31840D2E}.Debug|Any CPU.Deploy.0 = Debug|Any CPU
		{C148F99D-6197-4F64-93D9-DE3F31840D2E}.Release|Any CPU.ActiveCfg = Release|Any CPU
		{C148F99D-6197-4F64-93D9-DE3F31840D2E}.Release|Any CPU.Build.0 = Release|Any CPU
		{C148F99D-6197-4F64-93D9-DE3F31840D2E}.Release|Any CPU.Deploy.0 = Release|Any CPU
	EndGlobalSection
	GlobalSection(SolutionProperties) = preSolution
		HideSolutionNode = FALSE
	EndGlobalSection
	GlobalSection(ExtensibilityGlobals) = postSolution
		SolutionGuid = {7C480CDC-91D2-4612-8688-C0147D584393}
	EndGlobalSection
EndGlobal
